Microsoft Visual Studio Solution File, Format Version 10.00
# Visual Studio 2008
Project("{FAE04EC0-301F-11D3-BF4B-00C04F79EFBC}") = "mhora", "mhora.csproj", "{C88D761E-10B2-4E19-A330-E17B71AD8449}"
EndProject
Global
	GlobalSection(SolutionConfigurationPlatforms) = preSolution
		Debug|Any CPU = Debug|Any CPU
		Release|Any CPU = Release|Any CPU
	EndGlobalSection
	GlobalSection(ProjectConfigurationPlatforms) = postSolution
		{C88D761E-10B2-4E19-A330-E17B71AD8449}.Debug|Any CPU.ActiveCfg = Debug|x86
		{C88D761E-10B2-4E19-A330-E17B71AD8449}.Debug|Any CPU.Build.0 = Debug|x86
		{C88D761E-10B2-4E19-A330-E17B71AD8449}.Release|Any CPU.ActiveCfg = Release|x86
		{C88D761E-10B2-4E19-A330-E17B71AD8449}.Release|Any CPU.Build.0 = Release|x86
	EndGlobalSection
	GlobalSection(SolutionProperties) = preSolution
		HideSolutionNode = FALSE
	EndGlobalSection
EndGlobal
